
Microsoft Visual Studio Solution File, Format Version 12.00
# Visual Studio Version 17
VisualStudioVersion = 17.4.33122.133
MinimumVisualStudioVersion = 10.0.40219.1
Project("{FAE04EC0-301F-11D3-BF4B-00C04F79EFBC}") = "EHospitalMS", "EHospitalMS\EHospitalMS.csproj", "{82B3FF74-2F0F-4057-B6F2-52E7D14A12CF}"
EndProject
Global
	GlobalSection(SolutionConfigurationPlatforms) = preSolution
		Debug|Any CPU = Debug|Any CPU
		Release|Any CPU = Release|Any CPU
	EndGlobalSection
	GlobalSection(ProjectConfigurationPlatforms) = postSolution
		{82B3FF74-2F0F-4057-B6F2-52E7D14A12CF}.Debug|Any CPU.ActiveCfg = Debug|Any CPU
		{82B3FF74-2F0F-4057-B6F2-52E7D14A12CF}.Debug|Any CPU.Build.0 = Debug|Any CPU
		{82B3FF74-2F0F-4057-B6F2-52E7D14A12CF}.Release|Any CPU.ActiveCfg = Release|Any CPU
		{82B3FF74-2F0F-4057-B6F2-52E7D14A12CF}.Release|Any CPU.Build.0 = Release|Any CPU
	EndGlobalSection
	GlobalSection(SolutionProperties) = preSolution
		HideSolutionNode = FALSE
	EndGlobalSection
	GlobalSection(ExtensibilityGlobals) = postSolution
		SolutionGuid = {DDE2C9F2-AB9A-4D07-BBFE-86C449DC101F}
	EndGlobalSection
EndGlobal
